
Microsoft Visual Studio Solution File, Format Version 12.00
# Visual Studio Version 16
VisualStudioVersion = 16.0.29609.76
MinimumVisualStudioVersion = 10.0.40219.1
Project("{FAE04EC0-301F-11D3-BF4B-00C04F79EFBC}") = "Api", "Api\Api.csproj", "{0526DFD0-A529-4FAF-A824-E50B8AE6417B}"
EndProject
Global
	GlobalSection(SolutionConfigurationPlatforms) = preSolution
		Debug|Any CPU = Debug|Any CPU
		Release|Any CPU = Release|Any CPU
	EndGlobalSection
	GlobalSection(ProjectConfigurationPlatforms) = postSolution
		{0526DFD0-A529-4FAF-A824-E50B8AE6417B}.Debug|Any CPU.ActiveCfg = Debug|Any CPU
		{0526DFD0-A529-4FAF-A824-E50B8AE6417B}.Debug|Any CPU.Build.0 = Debug|Any CPU
		{0526DFD0-A529-4FAF-A824-E50B8AE6417B}.Release|Any CPU.ActiveCfg = Release|Any CPU
		{0526DFD0-A529-4FAF-A824-E50B8AE6417B}.Release|Any CPU.Build.0 = Release|Any CPU
	EndGlobalSection
	GlobalSection(SolutionProperties) = preSolution
		HideSolutionNode = FALSE
	EndGlobalSection
	GlobalSection(ExtensibilityGlobals) = postSolution
		SolutionGuid = {7F3746EA-A12A-4BC1-96D0-C5AFA346EB90}
	EndGlobalSection
EndGlobal
